
Microsoft Visual Studio Solution File, Format Version 12.00
# Visual Studio Version 16
VisualStudioVersion = 16.0.30114.105
MinimumVisualStudioVersion = 10.0.40219.1
Project("{2150E333-8FDC-42A3-9474-1A3956D46DE8}") = "src", "src", "{0DF0A6EF-7664-4E3D-8786-BB786CB6A366}"
EndProject
Project("{FAE04EC0-301F-11D3-BF4B-00C04F79EFBC}") = "CommandAPI", "src\CommandAPI\CommandAPI.csproj", "{509EF66C-01D0-4C4A-AA8D-BAA4AB92C7DA}"
EndProject
Project("{2150E333-8FDC-42A3-9474-1A3956D46DE8}") = "test", "test", "{2EE9C5D2-28C3-476F-9492-A3527D0823CF}"
EndProject
Project("{FAE04EC0-301F-11D3-BF4B-00C04F79EFBC}") = "CommandAPI.Tests", "test\CommandAPI.Tests\CommandAPI.Tests.csproj", "{DFF01CE4-F5E5-432F-A9E8-EA1F2D677E04}"
EndProject
Global
	GlobalSection(SolutionConfigurationPlatforms) = preSolution
		Debug|Any CPU = Debug|Any CPU
		Debug|x64 = Debug|x64
		Debug|x86 = Debug|x86
		Release|Any CPU = Release|Any CPU
		Release|x64 = Release|x64
		Release|x86 = Release|x86
	EndGlobalSection
	GlobalSection(SolutionProperties) = preSolution
		HideSolutionNode = FALSE
	EndGlobalSection
	GlobalSection(ProjectConfigurationPlatforms) = postSolution
		{509EF66C-01D0-4C4A-AA8D-BAA4AB92C7DA}.Debug|Any CPU.ActiveCfg = Debug|Any CPU
		{509EF66C-01D0-4C4A-AA8D-BAA4AB92C7DA}.Debug|Any CPU.Build.0 = Debug|Any CPU
		{509EF66C-01D0-4C4A-AA8D-BAA4AB92C7DA}.Debug|x64.ActiveCfg = Debug|Any CPU
		{509EF66C-01D0-4C4A-AA8D-BAA4AB92C7DA}.Debug|x64.Build.0 = Debug|Any CPU
		{509EF66C-01D0-4C4A-AA8D-BAA4AB92C7DA}.Debug|x86.ActiveCfg = Debug|Any CPU
		{509EF66C-01D0-4C4A-AA8D-BAA4AB92C7DA}.Debug|x86.Build.0 = Debug|Any CPU
		{509EF66C-01D0-4C4A-AA8D-BAA4AB92C7DA}.Release|Any CPU.ActiveCfg = Release|Any CPU
		{509EF66C-01D0-4C4A-AA8D-BAA4AB92C7DA}.Release|Any CPU.Build.0 = Release|Any CPU
		{509EF66C-01D0-4C4A-AA8D-BAA4AB92C7DA}.Release|x64.ActiveCfg = Release|Any CPU
		{509EF66C-01D0-4C4A-AA8D-BAA4AB92C7DA}.Release|x64.Build.0 = Release|Any CPU
		{509EF66C-01D0-4C4A-AA8D-BAA4AB92C7DA}.Release|x86.ActiveCfg = Release|Any CPU
		{509EF66C-01D0-4C4A-AA8D-BAA4AB92C7DA}.Release|x86.Build.0 = Release|Any CPU
		{DFF01CE4-F5E5-432F-A9E8-EA1F2D677E04}.Debug|Any CPU.ActiveCfg = Debug|Any CPU
		{DFF01CE4-F5E5-432F-A9E8-EA1F2D677E04}.Debug|Any CPU.Build.0 = Debug|Any CPU
		{DFF01CE4-F5E5-432F-A9E8-EA1F2D677E04}.Debug|x64.ActiveCfg = Debug|Any CPU
		{DFF01CE4-F5E5-432F-A9E8-EA1F2D677E04}.Debug|x64.Build.0 = Debug|Any CPU
		{DFF01CE4-F5E5-432F-A9E8-EA1F2D677E04}.Debug|x86.ActiveCfg = Debug|Any CPU
		{DFF01CE4-F5E5-432F-A9E8-EA1F2D677E04}.Debug|x86.Build.0 = Debug|Any CPU
		{DFF01CE4-F5E5-432F-A9E8-EA1F2D677E04}.Release|Any CPU.ActiveCfg = Release|Any CPU
		{DFF01CE4-F5E5-432F-A9E8-EA1F2D677E04}.Release|Any CPU.Build.0 = Release|Any CPU
		{DFF01CE4-F5E5-432F-A9E8-EA1F2D677E04}.Release|x64.ActiveCfg = Release|Any CPU
		{DFF01CE4-F5E5-432F-A9E8-EA1F2D677E04}.Release|x64.Build.0 = Release|Any CPU
		{DFF01CE4-F5E5-432F-A9E8-EA1F2D677E04}.Release|x86.ActiveCfg = Release|Any CPU
		{DFF01CE4-F5E5-432F-A9E8-EA1F2D677E04}.Release|x86.Build.0 = Release|Any CPU
	EndGlobalSection
	GlobalSection(NestedProjects) = preSolution
		{509EF66C-01D0-4C4A-AA8D-BAA4AB92C7DA} = {0DF0A6EF-7664-4E3D-8786-BB786CB6A366}
		{DFF01CE4-F5E5-432F-A9E8-EA1F2D677E04} = {2EE9C5D2-28C3-476F-9492-A3527D0823CF}
	EndGlobalSection
EndGlobal
